Microsoft Visual Studio Solution File, Format Version 12.00
# Visual Studio Version 17
VisualStudioVersion = 17.13.35828.75
MinimumVisualStudioVersion = 10.0.40219.1
Project("{FAE04EC0-301F-11D3-BF4B-00C04F79EFBC}") = "DynamicQuery.FilterDescriptor", "Src\FilterDescriptor\DynamicQuery.FilterDescriptor.csproj", "{ECC21A6A-15E0-FFC9-0A98-373DC589B18D}"
EndProject
Project("{FAE04EC0-301F-11D3-BF4B-00C04F79EFBC}") = "DynamicQuery.FilterDescriptor.Tests", "Tests\DynamicQuery.FilterDescriptor.Tests\DynamicQuery.FilterDescriptor.Tests.csproj", "{68FD662B-5FE9-F8D3-65EF-A6416A821125}"
EndProject
Global
	GlobalSection(SolutionConfigurationPlatforms) = preSolution
		Debug|Any CPU = Debug|Any CPU
		Release|Any CPU = Release|Any CPU
	EndGlobalSection
	GlobalSection(ProjectConfigurationPlatforms) = postSolution
		{ECC21A6A-15E0-FFC9-0A98-373DC589B18D}.Debug|Any CPU.ActiveCfg = Debug|Any CPU
		{ECC21A6A-15E0-FFC9-0A98-373DC589B18D}.Debug|Any CPU.Build.0 = Debug|Any CPU
		{ECC21A6A-15E0-FFC9-0A98-373DC589B18D}.Release|Any CPU.ActiveCfg = Release|Any CPU
		{ECC21A6A-15E0-FFC9-0A98-373DC589B18D}.Release|Any CPU.Build.0 = Release|Any CPU
		{68FD662B-5FE9-F8D3-65EF-A6416A821125}.Debug|Any CPU.ActiveCfg = Debug|Any CPU
		{68FD662B-5FE9-F8D3-65EF-A6416A821125}.Debug|Any CPU.Build.0 = Debug|Any CPU
		{68FD662B-5FE9-F8D3-65EF-A6416A821125}.Release|Any CPU.ActiveCfg = Release|Any CPU
		{68FD662B-5FE9-F8D3-65EF-A6416A821125}.Release|Any CPU.Build.0 = Release|Any CPU
	EndGlobalSection
	GlobalSection(SolutionProperties) = preSolution
		HideSolutionNode = FALSE
	EndGlobalSection
	GlobalSection(ExtensibilityGlobals) = postSolution
		SolutionGuid = {23F40DB0-99CC-4B21-BF4C-66503F0DB908}
	EndGlobalSection
EndGlobal
