
Microsoft Visual Studio Solution File, Format Version 12.00
# Visual Studio Version 16
VisualStudioVersion = 16.0.29230.47
MinimumVisualStudioVersion = 10.0.40219.1
Project("{9A19103F-16F7-4668-BE54-9A1E7A4F7556}") = "QueryFilterExpression", "QueryExpressionCreator\QueryFilterExpression.csproj", "{04E7F106-1522-4CD8-9403-70D4A3B33433}"
EndProject
Project("{9A19103F-16F7-4668-BE54-9A1E7A4F7556}") = "UnitTestQueryExpression", "UnitTestQueryExpression\UnitTestQueryExpression.csproj", "{5F7C8A9F-1292-48F4-AD4D-13689DDF4FBA}"
EndProject
Project("{9A19103F-16F7-4668-BE54-9A1E7A4F7556}") = "QueryConditionDescriptor", "QueryConditionDescriptor\QueryConditionDescriptor.csproj", "{D2928A3E-BC03-4651-BEC6-BBCE23ED7E38}"
EndProject
Global
	GlobalSection(SolutionConfigurationPlatforms) = preSolution
		Debug|Any CPU = Debug|Any CPU
		Release|Any CPU = Release|Any CPU
	EndGlobalSection
	GlobalSection(ProjectConfigurationPlatforms) = postSolution
		{04E7F106-1522-4CD8-9403-70D4A3B33433}.Debug|Any CPU.ActiveCfg = Debug|Any CPU
		{04E7F106-1522-4CD8-9403-70D4A3B33433}.Debug|Any CPU.Build.0 = Debug|Any CPU
		{04E7F106-1522-4CD8-9403-70D4A3B33433}.Release|Any CPU.ActiveCfg = Release|Any CPU
		{04E7F106-1522-4CD8-9403-70D4A3B33433}.Release|Any CPU.Build.0 = Release|Any CPU
		{5F7C8A9F-1292-48F4-AD4D-13689DDF4FBA}.Debug|Any CPU.ActiveCfg = Debug|Any CPU
		{5F7C8A9F-1292-48F4-AD4D-13689DDF4FBA}.Debug|Any CPU.Build.0 = Debug|Any CPU
		{5F7C8A9F-1292-48F4-AD4D-13689DDF4FBA}.Release|Any CPU.ActiveCfg = Release|Any CPU
		{5F7C8A9F-1292-48F4-AD4D-13689DDF4FBA}.Release|Any CPU.Build.0 = Release|Any CPU
		{D2928A3E-BC03-4651-BEC6-BBCE23ED7E38}.Debug|Any CPU.ActiveCfg = Debug|Any CPU
		{D2928A3E-BC03-4651-BEC6-BBCE23ED7E38}.Debug|Any CPU.Build.0 = Debug|Any CPU
		{D2928A3E-BC03-4651-BEC6-BBCE23ED7E38}.Release|Any CPU.ActiveCfg = Release|Any CPU
		{D2928A3E-BC03-4651-BEC6-BBCE23ED7E38}.Release|Any CPU.Build.0 = Release|Any CPU
	EndGlobalSection
	GlobalSection(SolutionProperties) = preSolution
		HideSolutionNode = FALSE
	EndGlobalSection
	GlobalSection(ExtensibilityGlobals) = postSolution
		SolutionGuid = {43EB2C28-B95D-43B7-820A-7840A62B9A28}
	EndGlobalSection
EndGlobal
