Microsoft Visual Studio Solution File, Format Version 12.00
# Visual Studio Version 17
VisualStudioVersion = 17.12.35728.132
MinimumVisualStudioVersion = 10.0.40219.1
Project("{2150E333-8FDC-42A3-9474-1A3956D46DE8}") = "Tests", "Tests", "{02EA681E-C7D8-13C7-8484-4AC65E1B71E8}"
EndProject
Project("{FAE04EC0-301F-11D3-BF4B-00C04F79EFBC}") = "FilterDescriptor", "FilterDescriptor\FilterDescriptor.csproj", "{E5593229-B05B-34EE-1A46-74E17632C88E}"
EndProject
Project("{FAE04EC0-301F-11D3-BF4B-00C04F79EFBC}") = "TestDescriptor", "TestFilterDescriptor\TestDescriptor.csproj", "{A942537F-06D3-9E06-10E8-3D0B42C0B56E}"
EndProject
Global
	GlobalSection(SolutionConfigurationPlatforms) = preSolution
		Debug|Any CPU = Debug|Any CPU
		Release|Any CPU = Release|Any CPU
	EndGlobalSection
	GlobalSection(ProjectConfigurationPlatforms) = postSolution
		{E5593229-B05B-34EE-1A46-74E17632C88E}.Debug|Any CPU.ActiveCfg = Debug|Any CPU
		{E5593229-B05B-34EE-1A46-74E17632C88E}.Debug|Any CPU.Build.0 = Debug|Any CPU
		{E5593229-B05B-34EE-1A46-74E17632C88E}.Release|Any CPU.ActiveCfg = Release|Any CPU
		{E5593229-B05B-34EE-1A46-74E17632C88E}.Release|Any CPU.Build.0 = Release|Any CPU
		{A942537F-06D3-9E06-10E8-3D0B42C0B56E}.Debug|Any CPU.ActiveCfg = Debug|Any CPU
		{A942537F-06D3-9E06-10E8-3D0B42C0B56E}.Debug|Any CPU.Build.0 = Debug|Any CPU
		{A942537F-06D3-9E06-10E8-3D0B42C0B56E}.Release|Any CPU.ActiveCfg = Release|Any CPU
		{A942537F-06D3-9E06-10E8-3D0B42C0B56E}.Release|Any CPU.Build.0 = Release|Any CPU
	EndGlobalSection
	GlobalSection(SolutionProperties) = preSolution
		HideSolutionNode = FALSE
	EndGlobalSection
	GlobalSection(NestedProjects) = preSolution
		{A942537F-06D3-9E06-10E8-3D0B42C0B56E} = {02EA681E-C7D8-13C7-8484-4AC65E1B71E8}
	EndGlobalSection
	GlobalSection(ExtensibilityGlobals) = postSolution
		SolutionGuid = {99CDB8D5-38EA-47A7-95BD-449966BBEEFF}
	EndGlobalSection
EndGlobal
